# THIS IS AN AUTOGENERATED FILE. DO NOT EDIT THIS FILE DIRECTLY.
# yarn lockfile v1


tinro@^0.6.12:
  version "0.6.12"
  resolved "https://registry.yarnpkg.com/tinro/-/tinro-0.6.12.tgz#f07c7212720d1b8e4bce6b22c1e65b0aabe47f69"
  integrity sha512-YYLh0a21GXXpS66ilZbywfXcPTKQQ+bv3tihoqKqSFQP6/F11N7ZmtRbFWcyZXXPFRSzNxmPJBB8ZhP0GkoS0Q==
